{
  "pins" : [
    {
      "identity" : "swift-snapshot-testing",
      "kind" : "remoteSourceControl",
      "location" : "https://github.com/pointfreeco/swift-snapshot-testing",
      "state" : {
        "revision" : "dc46eeb3928a75390651fac6c1ef7f93ad59a73b",
        "version" : "1.11.1"
      }
    },
    {
      "identity" : "znstextattachment",
      "kind" : "remoteSourceControl",
      "location" : "https://github.com/ZhgChgLi/ZNSTextAttachment",
      "state" : {
        "revision" : "4158a60b4c88e544eee53e7bb043dfb74bc19543",
        "version" : "1.1.6"
      }
    }
  ],
  "version" : 2
}
