{
  "pins" : [
    {
      "identity" : "swift-snapshot-testing",
      "kind" : "remoteSourceControl",
      "location" : "https://github.com/pointfreeco/swift-snapshot-testing",
      "state" : {
        "revision" : "cef5b3f6f11781dd4591bdd1dd0a3d22bd609334",
        "version" : "1.11.0"
      }
    },
    {
      "identity" : "znstextattachment",
      "kind" : "remoteSourceControl",
      "location" : "https://github.com/ZhgChgLi/ZNSTextAttachment",
      "state" : {
        "revision" : "4158a60b4c88e544eee53e7bb043dfb74bc19543",
        "version" : "1.1.6"
      }
    }
  ],
  "version" : 2
}
